
Microsoft Visual Studio Solution File, Format Version 12.00
# Visual Studio Version 16
VisualStudioVersion = 16.0.809.10
MinimumVisualStudioVersion = 10.0.40219.1
Project("{FAE04EC0-301F-11D3-BF4B-00C04F79EFBC}") = "NugetPOC.Android", "NugetPOC.Android\NugetPOC.Android.csproj", "{6BEFE17E-4DAE-4A63-B76A-616A67ADBBBD}"
EndProject
Project("{FAE04EC0-301F-11D3-BF4B-00C04F79EFBC}") = "NugetPOC.iOS", "NugetPOC.iOS\NugetPOC.iOS.csproj", "{7E8378AE-4DD2-414C-B079-F9A93DEB217A}"
EndProject
Project("{FAE04EC0-301F-11D3-BF4B-00C04F79EFBC}") = "NugetPOC", "NugetPOC\NugetPOC.csproj", "{8CE927AC-1F2F-48F5-9DE1-34EC3A1ECC74}"
EndProject
Global
	GlobalSection(SolutionConfigurationPlatforms) = preSolution
		Debug|Any CPU = Debug|Any CPU
		Release|Any CPU = Release|Any CPU
		Debug|iPhoneSimulator = Debug|iPhoneSimulator
		Release|iPhoneSimulator = Release|iPhoneSimulator
		Debug|iPhone = Debug|iPhone
		Release|iPhone = Release|iPhone
	EndGlobalSection
	GlobalSection(ProjectConfigurationPlatforms) = postSolution
		{6BEFE17E-4DAE-4A63-B76A-616A67ADBBBD}.Debug|Any CPU.ActiveCfg = Debug|Any CPU
		{6BEFE17E-4DAE-4A63-B76A-616A67ADBBBD}.Debug|Any CPU.Build.0 = Debug|Any CPU
		{6BEFE17E-4DAE-4A63-B76A-616A67ADBBBD}.Release|Any CPU.ActiveCfg = Release|Any CPU
		{6BEFE17E-4DAE-4A63-B76A-616A67ADBBBD}.Release|Any CPU.Build.0 = Release|Any CPU
		{6BEFE17E-4DAE-4A63-B76A-616A67ADBBBD}.Debug|iPhoneSimulator.ActiveCfg = Debug|Any CPU
		{6BEFE17E-4DAE-4A63-B76A-616A67ADBBBD}.Debug|iPhoneSimulator.Build.0 = Debug|Any CPU
		{6BEFE17E-4DAE-4A63-B76A-616A67ADBBBD}.Release|iPhoneSimulator.ActiveCfg = Release|Any CPU
		{6BEFE17E-4DAE-4A63-B76A-616A67ADBBBD}.Release|iPhoneSimulator.Build.0 = Release|Any CPU
		{6BEFE17E-4DAE-4A63-B76A-616A67ADBBBD}.Debug|iPhone.ActiveCfg = Debug|Any CPU
		{6BEFE17E-4DAE-4A63-B76A-616A67ADBBBD}.Debug|iPhone.Build.0 = Debug|Any CPU
		{6BEFE17E-4DAE-4A63-B76A-616A67ADBBBD}.Release|iPhone.ActiveCfg = Release|Any CPU
		{6BEFE17E-4DAE-4A63-B76A-616A67ADBBBD}.Release|iPhone.Build.0 = Release|Any CPU
		{7E8378AE-4DD2-414C-B079-F9A93DEB217A}.Debug|Any CPU.ActiveCfg = Debug|iPhoneSimulator
		{7E8378AE-4DD2-414C-B079-F9A93DEB217A}.Debug|Any CPU.Build.0 = Debug|iPhoneSimulator
		{7E8378AE-4DD2-414C-B079-F9A93DEB217A}.Release|Any CPU.ActiveCfg = Release|iPhoneSimulator
		{7E8378AE-4DD2-414C-B079-F9A93DEB217A}.Release|Any CPU.Build.0 = Release|iPhoneSimulator
		{7E8378AE-4DD2-414C-B079-F9A93DEB217A}.Debug|iPhoneSimulator.ActiveCfg = Debug|iPhoneSimulator
		{7E8378AE-4DD2-414C-B079-F9A93DEB217A}.Debug|iPhoneSimulator.Build.0 = Debug|iPhoneSimulator
		{7E8378AE-4DD2-414C-B079-F9A93DEB217A}.Release|iPhoneSimulator.ActiveCfg = Release|iPhoneSimulator
		{7E8378AE-4DD2-414C-B079-F9A93DEB217A}.Release|iPhoneSimulator.Build.0 = Release|iPhoneSimulator
		{7E8378AE-4DD2-414C-B079-F9A93DEB217A}.Debug|iPhone.ActiveCfg = Debug|iPhone
		{7E8378AE-4DD2-414C-B079-F9A93DEB217A}.Debug|iPhone.Build.0 = Debug|iPhone
		{7E8378AE-4DD2-414C-B079-F9A93DEB217A}.Release|iPhone.ActiveCfg = Release|iPhone
		{7E8378AE-4DD2-414C-B079-F9A93DEB217A}.Release|iPhone.Build.0 = Release|iPhone
		{8CE927AC-1F2F-48F5-9DE1-34EC3A1ECC74}.Debug|Any CPU.ActiveCfg = Debug|Any CPU
		{8CE927AC-1F2F-48F5-9DE1-34EC3A1ECC74}.Debug|Any CPU.Build.0 = Debug|Any CPU
		{8CE927AC-1F2F-48F5-9DE1-34EC3A1ECC74}.Release|Any CPU.ActiveCfg = Release|Any CPU
		{8CE927AC-1F2F-48F5-9DE1-34EC3A1ECC74}.Release|Any CPU.Build.0 = Release|Any CPU
		{8CE927AC-1F2F-48F5-9DE1-34EC3A1ECC74}.Debug|iPhoneSimulator.ActiveCfg = Debug|Any CPU
		{8CE927AC-1F2F-48F5-9DE1-34EC3A1ECC74}.Debug|iPhoneSimulator.Build.0 = Debug|Any CPU
		{8CE927AC-1F2F-48F5-9DE1-34EC3A1ECC74}.Release|iPhoneSimulator.ActiveCfg = Release|Any CPU
		{8CE927AC-1F2F-48F5-9DE1-34EC3A1ECC74}.Release|iPhoneSimulator.Build.0 = Release|Any CPU
		{8CE927AC-1F2F-48F5-9DE1-34EC3A1ECC74}.Debug|iPhone.ActiveCfg = Debug|Any CPU
		{8CE927AC-1F2F-48F5-9DE1-34EC3A1ECC74}.Debug|iPhone.Build.0 = Debug|Any CPU
		{8CE927AC-1F2F-48F5-9DE1-34EC3A1ECC74}.Release|iPhone.ActiveCfg = Release|Any CPU
		{8CE927AC-1F2F-48F5-9DE1-34EC3A1ECC74}.Release|iPhone.Build.0 = Release|Any CPU
	EndGlobalSection
	GlobalSection(SolutionProperties) = preSolution
		HideSolutionNode = FALSE
	EndGlobalSection
	GlobalSection(ExtensibilityGlobals) = postSolution
		SolutionGuid = {BB5AAC65-8795-481B-A9F5-8EB9627D54D8}
	EndGlobalSection
EndGlobal
